
Microsoft Visual Studio Solution File, Format Version 12.00
# Visual Studio Version 16
VisualStudioVersion = 16.0.31229.75
MinimumVisualStudioVersion = 10.0.40219.1
Project("{FAE04EC0-301F-11D3-BF4B-00C04F79EFBC}") = "Sol_Demo", "Sol_Demo\Sol_Demo.csproj", "{48D1F3C6-37E2-456B-AC8D-29AC1DFA45E0}"
EndProject
Global
	GlobalSection(SolutionConfigurationPlatforms) = preSolution
		Debug|Any CPU = Debug|Any CPU
		Release|Any CPU = Release|Any CPU
	EndGlobalSection
	GlobalSection(ProjectConfigurationPlatforms) = postSolution
		{48D1F3C6-37E2-456B-AC8D-29AC1DFA45E0}.Debug|Any CPU.ActiveCfg = Debug|Any CPU
		{48D1F3C6-37E2-456B-AC8D-29AC1DFA45E0}.Debug|Any CPU.Build.0 = Debug|Any CPU
		{48D1F3C6-37E2-456B-AC8D-29AC1DFA45E0}.Release|Any CPU.ActiveCfg = Release|Any CPU
		{48D1F3C6-37E2-456B-AC8D-29AC1DFA45E0}.Release|Any CPU.Build.0 = Release|Any CPU
	EndGlobalSection
	GlobalSection(SolutionProperties) = preSolution
		HideSolutionNode = FALSE
	EndGlobalSection
	GlobalSection(ExtensibilityGlobals) = postSolution
		SolutionGuid = {5B5B6ECE-A690-4639-8C12-C672349E6FFD}
	EndGlobalSection
EndGlobal
